Microsoft Visual Studio Solution File, Format Version 12.00
# Visual Studio 15
VisualStudioVersion = 15.0.26730.16
MinimumVisualStudioVersion = 10.0.40219.1
Project("{FAE04EC0-301F-11D3-BF4B-00C04F79EFBC}") = "IdentityServer", "IdentityServer\IdentityServer.csproj", "{DC0140AC-08D3-4248-9BF5-4598A3C34815}"
EndProject
Project("{FAE04EC0-301F-11D3-BF4B-00C04F79EFBC}") = "IdentityManagerDotNet.DataLayer", "IdentityManagerDotNet.DataLayer\IdentityManagerDotNet.DataLayer.csproj", "{73458CD8-9182-42F3-B4C8-214DCEF0B042}"
EndProject
Project("{FAE04EC0-301F-11D3-BF4B-00C04F79EFBC}") = "IdentityManagerDotNet", "IdentityManagerDotNet\IdentityManagerDotNet.csproj", "{814ACB9A-8596-4BDD-A98F-1BDC053CDBFB}"
EndProject
Global
	GlobalSection(SolutionConfigurationPlatforms) = preSolution
		Debug|Any CPU = Debug|Any CPU
		Release|Any CPU = Release|Any CPU
	EndGlobalSection
	GlobalSection(ProjectConfigurationPlatforms) = postSolution
		{DC0140AC-08D3-4248-9BF5-4598A3C34815}.Debug|Any CPU.ActiveCfg = Debug|Any CPU
		{DC0140AC-08D3-4248-9BF5-4598A3C34815}.Debug|Any CPU.Build.0 = Debug|Any CPU
		{DC0140AC-08D3-4248-9BF5-4598A3C34815}.Release|Any CPU.ActiveCfg = Release|Any CPU
		{DC0140AC-08D3-4248-9BF5-4598A3C34815}.Release|Any CPU.Build.0 = Release|Any CPU
		{73458CD8-9182-42F3-B4C8-214DCEF0B042}.Debug|Any CPU.ActiveCfg = Debug|Any CPU
		{73458CD8-9182-42F3-B4C8-214DCEF0B042}.Debug|Any CPU.Build.0 = Debug|Any CPU
		{73458CD8-9182-42F3-B4C8-214DCEF0B042}.Release|Any CPU.ActiveCfg = Release|Any CPU
		{73458CD8-9182-42F3-B4C8-214DCEF0B042}.Release|Any CPU.Build.0 = Release|Any CPU
		{814ACB9A-8596-4BDD-A98F-1BDC053CDBFB}.Debug|Any CPU.ActiveCfg = Debug|Any CPU
		{814ACB9A-8596-4BDD-A98F-1BDC053CDBFB}.Debug|Any CPU.Build.0 = Debug|Any CPU
		{814ACB9A-8596-4BDD-A98F-1BDC053CDBFB}.Release|Any CPU.ActiveCfg = Release|Any CPU
		{814ACB9A-8596-4BDD-A98F-1BDC053CDBFB}.Release|Any CPU.Build.0 = Release|Any CPU
	EndGlobalSection
	GlobalSection(SolutionProperties) = preSolution
		HideSolutionNode = FALSE
	EndGlobalSection
	GlobalSection(ExtensibilityGlobals) = postSolution
		SolutionGuid = {9B5C3468-4E82-4A6A-B713-5F1B8949A8C6}
	EndGlobalSection
EndGlobal
